{
  "name": "babylon-vite",
  "version": "0.0.0",
  "lockfileVersion": 3,
  "requires": true,
  "packages": {
    "": {
      "name": "babylon-vite",
      "version": "0.0.0",
      "devDependencies": {
        "@babylonjs/core": "latest",
        "@babylonjs/inspector": "latest",
        "typescript": "latest",
        "vite": "latest"
      }
    },
    "node_modules/@babylonjs/core": {
      "version": "7.40.3",
      "resolved": "https://registry.npmjs.org/@babylonjs/core/-/core-7.40.3.tgz",
      "integrity": "sha512-+c4F5OkE2MAIFDnTJy+pvLQgfJWVQDHxOoPduPnfUhG11nWJXIMHg/7jr73Bhdpt9ql03oP+z1v/ArpW8WWThQ==",
      "dev": true,
      "license": "Apache-2.0"
    },
    "node_modules/@babylonjs/gui": {
      "version": "7.40.3",
      "resolved": "https://registry.npmjs.org/@babylonjs/gui/-/gui-7.40.3.tgz",
      "integrity": "sha512-8+6kbdnhi3iofwQ9YnTs8sY9w0eQ8nMWhwV4QGPiGs9yVvLOnJQ/z1hyBSeiazVXMIm+2uWt1EvF+ujciw2kiQ==",
      "dev": true,
      "license": "Apache-2.0",
      "peer": true,
      "peerDependencies": {
        "@babylonjs/core": "^7.0.0"
      }
    },
    "node_modules/@babylonjs/gui-editor": {
      "version": "7.40.3",
      "resolved": "https://registry.npmjs.org/@babylonjs/gui-editor/-/gui-editor-7.40.3.tgz",
      "integrity": "sha512-5P6Vko7f1QAcW8cd94vz7OAiUIX/KDhU613D83DUncgZzIhSwTlxqBU9o2gGMm+XG2fZev7XlA/Pl80X+GR+xA==",
      "dev": true,
      "license": "Apache-2.0",
      "peer": true,
      "peerDependencies": {
        "@babylonjs/core": "^7.0.0",
        "@babylonjs/gui": "^7.0.0",
        "@types/react": ">=16.7.3",
        "@types/react-dom": ">=16.0.9"
      }
    },
    "node_modules/@babylonjs/inspector": {
      "version": "7.40.3",
      "resolved": "https://registry.npmjs.org/@babylonjs/inspector/-/inspector-7.40.3.tgz",
      "integrity": "sha512-j/3J5xwIBU4G910mPuP7eBscpTlpmCcux0IuixNP24wFEhZKqKxt1IpOCP2rXT0H2mM/Md6/L4mbC4kV/Y6GWQ==",
      "dev": true,
      "license": "Apache-2.0",
      "dependencies": {
        "@fortawesome/fontawesome-svg-core": "^6.1.0",
        "@fortawesome/free-regular-svg-icons": "^6.0.0",
        "@fortawesome/free-solid-svg-icons": "^6.0.0"
      },
      "peerDependencies": {
        "@babylonjs/core": "^7.0.0",
        "@babylonjs/gui": "^7.0.0",
        "@babylonjs/gui-editor": "^7.0.0",
        "@babylonjs/loaders": "^7.0.0",
        "@babylonjs/materials": "^7.0.0",
        "@babylonjs/serializers": "^7.0.0",
        "@types/react": ">=16.7.3",
        "@types/react-dom": ">=16.0.9"
      }
    },
    "node_modules/@babylonjs/loaders": {
      "version": "7.40.3",
      "resolved": "https://registry.npmjs.org/@babylonjs/loaders/-/loaders-7.40.3.tgz",
      "integrity": "sha512-jYD3B+FmQRABvnKHhM7kyg3cS4/46N8DmX4sArMkVOZfCvPNYyDj1k7Qj0X/VukfHJl+MtEath+RvKwImfmmMA==",
      "dev": true,
      "license": "Apache-2.0",
      "peer": true,
      "peerDependencies": {
        "@babylonjs/core": "^7.0.0",
        "babylonjs-gltf2interface": "^7.0.0"
      }
    },
    "node_modules/@babylonjs/materials": {
      "version": "7.40.3",
      "resolved": "https://registry.npmjs.org/@babylonjs/materials/-/materials-7.40.3.tgz",
      "integrity": "sha512-0edfyvG0PkU714qnzovjjjbLwtWvogMOho1tRkN0FLZBIse/KpFK/ZXEFDW32udc/aaF2LrKd+pdn7RgOdrwCg==",
      "dev": true,
      "license": "Apache-2.0",
      "peer": true,
      "peerDependencies": {
        "@babylonjs/core": "^7.0.0"
      }
    },
    "node_modules/@babylonjs/serializers": {
      "version": "7.40.3",
      "resolved": "https://registry.npmjs.org/@babylonjs/serializers/-/serializers-7.40.3.tgz",
      "integrity": "sha512-cToKYlOE7plZlKgNuSwS4VzTV3tonpoGyKqsYJadC2dpGrDtnZCmRdZ608R15Pp0eGXhq2s6MzOfhajIp3xyNw==",
      "dev": true,
      "license": "Apache-2.0",
      "peer": true,
      "peerDependencies": {
        "@babylonjs/core": "^7.0.0",
        "babylonjs-gltf2interface": "^7.0.0"
      }
    },
    "node_modules/@esbuild/linux-x64": {
      "version": "0.24.0",
      "resolved": "https://registry.npmjs.org/@esbuild/linux-x64/-/linux-x64-0.24.0.tgz",
      "integrity": "sha512-vbutsFqQ+foy3wSSbmjBXXIJ6PL3scghJoM8zCL142cGaZKAdCZHyf+Bpu/MmX9zT9Q0zFBVKb36Ma5Fzfa8xA==",
      "cpu": [
        "x64"
      ],
      "dev": true,
      "license": "MIT",
      "optional": true,
      "os": [
        "linux"
      ],
      "engines": {
        "node": ">=18"
      }
    },
    "node_modules/@fortawesome/fontawesome-common-types": {
      "version": "6.7.2",
      "resolved": "https://registry.npmjs.org/@fortawesome/fontawesome-common-types/-/fontawesome-common-types-6.7.2.tgz",
      "integrity": "sha512-Zs+YeHUC5fkt7Mg1l6XTniei3k4bwG/yo3iFUtZWd/pMx9g3fdvkSK9E0FOC+++phXOka78uJcYb8JaFkW52Xg==",
      "dev": true,
      "license": "MIT",
      "engines": {
        "node": ">=6"
      }
    },
    "node_modules/@fortawesome/fontawesome-svg-core": {
      "version": "6.7.2",
      "resolved": "https://registry.npmjs.org/@fortawesome/fontawesome-svg-core/-/fontawesome-svg-core-6.7.2.tgz",
      "integrity": "sha512-yxtOBWDrdi5DD5o1pmVdq3WMCvnobT0LU6R8RyyVXPvFRd2o79/0NCuQoCjNTeZz9EzA9xS3JxNWfv54RIHFEA==",
      "dev": true,
      "license": "MIT",
      "dependencies": {
        "@fortawesome/fontawesome-common-types": "6.7.2"
      },
      "engines": {
        "node": ">=6"
      }
    },
    "node_modules/@fortawesome/free-regular-svg-icons": {
      "version": "6.7.2",
      "resolved": "https://registry.npmjs.org/@fortawesome/free-regular-svg-icons/-/free-regular-svg-icons-6.7.2.tgz",
      "integrity": "sha512-7Z/ur0gvCMW8G93dXIQOkQqHo2M5HLhYrRVC0//fakJXxcF1VmMPsxnG6Ee8qEylA8b8Q3peQXWMNZ62lYF28g==",
      "dev": true,
      "license": "(CC-BY-4.0 AND MIT)",
      "dependencies": {
        "@fortawesome/fontawesome-common-types": "6.7.2"
      },
      "engines": {
        "node": ">=6"
      }
    },
    "node_modules/@fortawesome/free-solid-svg-icons": {
      "version": "6.7.2",
      "resolved": "https://registry.npmjs.org/@fortawesome/free-solid-svg-icons/-/free-solid-svg-icons-6.7.2.tgz",
      "integrity": "sha512-GsBrnOzU8uj0LECDfD5zomZJIjrPhIlWU82AHwa2s40FKH+kcxQaBvBo3Z4TxyZHIyX8XTDxsyA33/Vx9eFuQA==",
      "dev": true,
      "license": "(CC-BY-4.0 AND MIT)",
      "dependencies": {
        "@fortawesome/fontawesome-common-types": "6.7.2"
      },
      "engines": {
        "node": ">=6"
      }
    },
    "node_modules/@rollup/rollup-linux-x64-gnu": {
      "version": "4.28.1",
      "resolved": "https://registry.npmjs.org/@rollup/rollup-linux-x64-gnu/-/rollup-linux-x64-gnu-4.28.1.tgz",
      "integrity": "sha512-fzgeABz7rrAlKYB0y2kSEiURrI0691CSL0+KXwKwhxvj92VULEDQLpBYLHpF49MSiPG4sq5CK3qHMnb9tlCjBw==",
      "cpu": [
        "x64"
      ],
      "dev": true,
      "license": "MIT",
      "optional": true,
      "os": [
        "linux"
      ]
    },
    "node_modules/@types/estree": {
      "version": "1.0.6",
      "resolved": "https://registry.npmjs.org/@types/estree/-/estree-1.0.6.tgz",
      "integrity": "sha512-AYnb1nQyY49te+VRAVgmzfcgjYS91mY5P0TKUDCLEM+gNnA+3T6rWITXRLYCpahpqSQbN5cE+gHpnPyXjHWxcw==",
      "dev": true,
      "license": "MIT"
    },
    "node_modules/@types/react": {
      "version": "19.0.1",
      "resolved": "https://registry.npmjs.org/@types/react/-/react-19.0.1.tgz",
      "integrity": "sha512-YW6614BDhqbpR5KtUYzTA+zlA7nayzJRA9ljz9CQoxthR0sDisYZLuvSMsil36t4EH/uAt8T52Xb4sVw17G+SQ==",
      "dev": true,
      "license": "MIT",
      "peer": true,
      "dependencies": {
        "csstype": "^3.0.2"
      }
    },
    "node_modules/@types/react-dom": {
      "version": "19.0.2",
      "resolved": "https://registry.npmjs.org/@types/react-dom/-/react-dom-19.0.2.tgz",
      "integrity": "sha512-c1s+7TKFaDRRxr1TxccIX2u7sfCnc3RxkVyBIUA2lCpyqCF+QoAwQ/CBg7bsMdVwP120HEH143VQezKtef5nCg==",
      "dev": true,
      "license": "MIT",
      "peer": true,
      "peerDependencies": {
        "@types/react": "^19.0.0"
      }
    },
    "node_modules/babylonjs-gltf2interface": {
      "version": "7.40.3",
      "resolved": "https://registry.npmjs.org/babylonjs-gltf2interface/-/babylonjs-gltf2interface-7.40.3.tgz",
      "integrity": "sha512-d7KFzTnIH8Isum0dbn55IC1YNftRecdlEYMJO2zYQ6aKLxvIMw35ojWLj+HJ+pMJanZt7Tz8HG/1L6RYAE+C2A==",
      "dev": true,
      "license": "Apache-2.0",
      "peer": true
    },
    "node_modules/csstype": {
      "version": "3.1.3",
      "resolved": "https://registry.npmjs.org/csstype/-/csstype-3.1.3.tgz",
      "integrity": "sha512-M1uQkMl8rQK/szD0LNhtqxIPLpimGm8sOBwU7lLnCpSbTyY3yeU1Vc7l4KT5zT4s/yOxHH5O7tIuuLOCnLADRw==",
      "dev": true,
      "license": "MIT",
      "peer": true
    },
    "node_modules/esbuild": {
      "version": "0.24.0",
      "resolved": "https://registry.npmjs.org/esbuild/-/esbuild-0.24.0.tgz",
      "integrity": "sha512-FuLPevChGDshgSicjisSooU0cemp/sGXR841D5LHMB7mTVOmsEHcAxaH3irL53+8YDIeVNQEySh4DaYU/iuPqQ==",
      "dev": true,
      "hasInstallScript": true,
      "license": "MIT",
      "bin": {
        "esbuild": "bin/esbuild"
      },
      "engines": {
        "node": ">=18"
      },
      "optionalDependencies": {
        "@esbuild/aix-ppc64": "0.24.0",
        "@esbuild/android-arm": "0.24.0",
        "@esbuild/android-arm64": "0.24.0",
        "@esbuild/android-x64": "0.24.0",
        "@esbuild/darwin-arm64": "0.24.0",
        "@esbuild/darwin-x64": "0.24.0",
        "@esbuild/freebsd-arm64": "0.24.0",
        "@esbuild/freebsd-x64": "0.24.0",
        "@esbuild/linux-arm": "0.24.0",
        "@esbuild/linux-arm64": "0.24.0",
        "@esbuild/linux-ia32": "0.24.0",
        "@esbuild/linux-loong64": "0.24.0",
        "@esbuild/linux-mips64el": "0.24.0",
        "@esbuild/linux-ppc64": "0.24.0",
        "@esbuild/linux-riscv64": "0.24.0",
        "@esbuild/linux-s390x": "0.24.0",
        "@esbuild/linux-x64": "0.24.0",
        "@esbuild/netbsd-x64": "0.24.0",
        "@esbuild/openbsd-arm64": "0.24.0",
        "@esbuild/openbsd-x64": "0.24.0",
        "@esbuild/sunos-x64": "0.24.0",
        "@esbuild/win32-arm64": "0.24.0",
        "@esbuild/win32-ia32": "0.24.0",
        "@esbuild/win32-x64": "0.24.0"
      }
    },
    "node_modules/nanoid": {
      "version": "3.3.8",
      "resolved": "https://registry.npmjs.org/nanoid/-/nanoid-3.3.8.tgz",
      "integrity": "sha512-WNLf5Sd8oZxOm+TzppcYk8gVOgP+l58xNy58D0nbUnOxOWRWvlcCV4kUF7ltmI6PsrLl/BgKEyS4mqsGChFN0w==",
      "dev": true,
      "funding": [
        {
          "type": "github",
          "url": "https://github.com/sponsors/ai"
        }
      ],
      "license": "MIT",
      "bin": {
        "nanoid": "bin/nanoid.cjs"
      },
      "engines": {
        "node": "^10 || ^12 || ^13.7 || ^14 || >=15.0.1"
      }
    },
    "node_modules/picocolors": {
      "version": "1.1.1",
      "resolved": "https://registry.npmjs.org/picocolors/-/picocolors-1.1.1.tgz",
      "integrity": "sha512-xceH2snhtb5M9liqDsmEw56le376mTZkEX/jEb/RxNFyegNul7eNslCXP9FDj/Lcu0X8KEyMceP2ntpaHrDEVA==",
      "dev": true,
      "license": "ISC"
    },
    "node_modules/postcss": {
      "version": "8.4.49",
      "resolved": "https://registry.npmjs.org/postcss/-/postcss-8.4.49.tgz",
      "integrity": "sha512-OCVPnIObs4N29kxTjzLfUryOkvZEq+pf8jTF0lg8E7uETuWHA+v7j3c/xJmiqpX450191LlmZfUKkXxkTry7nA==",
      "dev": true,
      "funding": [
        {
          "type": "opencollective",
          "url": "https://opencollective.com/postcss/"
        },
        {
          "type": "tidelift",
          "url": "https://tidelift.com/funding/github/npm/postcss"
        },
        {
          "type": "github",
          "url": "https://github.com/sponsors/ai"
        }
      ],
      "license": "MIT",
      "dependencies": {
        "nanoid": "^3.3.7",
        "picocolors": "^1.1.1",
        "source-map-js": "^1.2.1"
      },
      "engines": {
        "node": "^10 || ^12 || >=14"
      }
    },
    "node_modules/rollup": {
      "version": "4.28.1",
      "resolved": "https://registry.npmjs.org/rollup/-/rollup-4.28.1.tgz",
      "integrity": "sha512-61fXYl/qNVinKmGSTHAZ6Yy8I3YIJC/r2m9feHo6SwVAVcLT5MPwOUFe7EuURA/4m0NR8lXG4BBXuo/IZEsjMg==",
      "dev": true,
      "license": "MIT",
      "dependencies": {
        "@types/estree": "1.0.6"
      },
      "bin": {
        "rollup": "dist/bin/rollup"
      },
      "engines": {
        "node": ">=18.0.0",
        "npm": ">=8.0.0"
      },
      "optionalDependencies": {
        "@rollup/rollup-android-arm-eabi": "4.28.1",
        "@rollup/rollup-android-arm64": "4.28.1",
        "@rollup/rollup-darwin-arm64": "4.28.1",
        "@rollup/rollup-darwin-x64": "4.28.1",
        "@rollup/rollup-freebsd-arm64": "4.28.1",
        "@rollup/rollup-freebsd-x64": "4.28.1",
        "@rollup/rollup-linux-arm-gnueabihf": "4.28.1",
        "@rollup/rollup-linux-arm-musleabihf": "4.28.1",
        "@rollup/rollup-linux-arm64-gnu": "4.28.1",
        "@rollup/rollup-linux-arm64-musl": "4.28.1",
        "@rollup/rollup-linux-loongarch64-gnu": "4.28.1",
        "@rollup/rollup-linux-powerpc64le-gnu": "4.28.1",
        "@rollup/rollup-linux-riscv64-gnu": "4.28.1",
        "@rollup/rollup-linux-s390x-gnu": "4.28.1",
        "@rollup/rollup-linux-x64-gnu": "4.28.1",
        "@rollup/rollup-linux-x64-musl": "4.28.1",
        "@rollup/rollup-win32-arm64-msvc": "4.28.1",
        "@rollup/rollup-win32-ia32-msvc": "4.28.1",
        "@rollup/rollup-win32-x64-msvc": "4.28.1",
        "fsevents": "~2.3.2"
      }
    },
    "node_modules/source-map-js": {
      "version": "1.2.1",
      "resolved": "https://registry.npmjs.org/source-map-js/-/source-map-js-1.2.1.tgz",
      "integrity": "sha512-UXWMKhLOwVKb728IUtQPXxfYU+usdybtUrK/8uGE8CQMvrhOpwvzDBwj0QhSL7MQc7vIsISBG8VQ8+IDQxpfQA==",
      "dev": true,
      "license": "BSD-3-Clause",
      "engines": {
        "node": ">=0.10.0"
      }
    },
    "node_modules/typescript": {
      "version": "5.7.2",
      "resolved": "https://registry.npmjs.org/typescript/-/typescript-5.7.2.tgz",
      "integrity": "sha512-i5t66RHxDvVN40HfDd1PsEThGNnlMCMT3jMUuoh9/0TaqWevNontacunWyN02LA9/fIbEWlcHZcgTKb9QoaLfg==",
      "dev": true,
      "license": "Apache-2.0",
      "bin": {
        "tsc": "bin/tsc",
        "tsserver": "bin/tsserver"
      },
      "engines": {
        "node": ">=14.17"
      }
    },
    "node_modules/vite": {
      "version": "6.0.3",
      "resolved": "https://registry.npmjs.org/vite/-/vite-6.0.3.tgz",
      "integrity": "sha512-Cmuo5P0ENTN6HxLSo6IHsjCLn/81Vgrp81oaiFFMRa8gGDj5xEjIcEpf2ZymZtZR8oU0P2JX5WuUp/rlXcHkAw==",
      "dev": true,
      "license": "MIT",
      "dependencies": {
        "esbuild": "^0.24.0",
        "postcss": "^8.4.49",
        "rollup": "^4.23.0"
      },
      "bin": {
        "vite": "bin/vite.js"
      },
      "engines": {
        "node": "^18.0.0 || ^20.0.0 || >=22.0.0"
      },
      "funding": {
        "url": "https://github.com/vitejs/vite?sponsor=1"
      },
      "optionalDependencies": {
        "fsevents": "~2.3.3"
      },
      "peerDependencies": {
        "@types/node": "^18.0.0 || ^20.0.0 || >=22.0.0",
        "jiti": ">=1.21.0",
        "less": "*",
        "lightningcss": "^1.21.0",
        "sass": "*",
        "sass-embedded": "*",
        "stylus": "*",
        "sugarss": "*",
        "terser": "^5.16.0",
        "tsx": "^4.8.1",
        "yaml": "^2.4.2"
      },
      "peerDependenciesMeta": {
        "@types/node": {
          "optional": true
        },
        "jiti": {
          "optional": true
        },
        "less": {
          "optional": true
        },
        "lightningcss": {
          "optional": true
        },
        "sass": {
          "optional": true
        },
        "sass-embedded": {
          "optional": true
        },
        "stylus": {
          "optional": true
        },
        "sugarss": {
          "optional": true
        },
        "terser": {
          "optional": true
        },
        "tsx": {
          "optional": true
        },
        "yaml": {
          "optional": true
        }
      }
    }
  }
}
